{
  "name": "js-winax-contract",
  "lockfileVersion": 3,
  "requires": true,
  "packages": {
    "": {
      "dependencies": {
        "js-yaml": "^4.1.0",
        "number-to-words-ru": "^2.4.1",
        "winax": "^3.6.2"
      }
    },
    "node_modules/@ungap/structured-clone": {
      "version": "1.3.0",
      "resolved": "https://registry.npmjs.org/@ungap/structured-clone/-/structured-clone-1.3.0.tgz",
      "integrity": "sha512-WmoN8qaIAo7WTYWbAZuG8PYEhn5fkz7dZrqTBZ7dtt//lL2Gwms1IcnQ5yHqjDfX8Ft5j4YzDM23f87zBfDe9g==",
      "license": "ISC"
    },
    "node_modules/argparse": {
      "version": "2.0.1",
      "resolved": "https://registry.npmjs.org/argparse/-/argparse-2.0.1.tgz",
      "integrity": "sha512-8+9WqebbFzpX9OR+Wa6O29asIogeRMzcGtAINdpMHHyAg10f05aSFVBbcEqGf/PXw1EjAZ+q2/bEBg3DvurK3Q==",
      "license": "Python-2.0"
    },
    "node_modules/js-yaml": {
      "version": "4.1.0",
      "resolved": "https://registry.npmjs.org/js-yaml/-/js-yaml-4.1.0.tgz",
      "integrity": "sha512-wpxZs9NoxZaJESJGIZTyDEaYpl0FKSA+FB9aJiyemKhMwkxQg63h4T1KJgUGHpTqPDNRcmmYLugrRjJlBtWvRA==",
      "license": "MIT",
      "dependencies": {
        "argparse": "^2.0.1"
      },
      "bin": {
        "js-yaml": "bin/js-yaml.js"
      }
    },
    "node_modules/number-to-words-ru": {
      "version": "2.4.1",
      "resolved": "https://registry.npmjs.org/number-to-words-ru/-/number-to-words-ru-2.4.1.tgz",
      "integrity": "sha512-NrjvYLonGUptrU6eVm/G3rwY2hnd4NTE/K25Sx+sbifZ2EGSUPda6c+3iueqmfpPadNhQhyHJ5qFIDGRhNSXIQ==",
      "license": "MIT",
      "dependencies": {
        "@ungap/structured-clone": "^1.2.0"
      }
    },
    "node_modules/winax": {
      "version": "3.6.2",
      "resolved": "https://registry.npmjs.org/winax/-/winax-3.6.2.tgz",
      "integrity": "sha512-KvNO9lBBW//F4k4kE3QzKWHyGchMswrwSC2TD/rS4BYLaypECPCRXQIyjmQHVteK7cBEqqdF288brwnig/67Ow==",
      "hasInstallScript": true,
      "license": "MIT",
      "bin": {
        "nodewscript": "NodeWScript.js"
      },
      "engines": {
        "node": ">= 10.0.0"
      }
    }
  }
}
